
Microsoft Visual Studio Solution File, Format Version 12.00
# Visual Studio 15
VisualStudioVersion = 15.0.27428.2037
MinimumVisualStudioVersion = 10.0.40219.1
Project("{FAE04EC0-301F-11D3-BF4B-00C04F79EFBC}") = "DemoMultipagos", "DemoMultipagos\DemoMultipagos.csproj", "{F7F86619-ADE7-403B-A79A-EC7F1902625F}"
EndProject
Project("{54435603-DBB4-11D2-8724-00A0C9A8B90C}") = "DemoSetUp", "DemoSetUp\DemoSetUp.vdproj", "{F1F53EEA-B60B-48A6-99FD-3015A35D6E6C}"
EndProject
Global
	GlobalSection(SolutionConfigurationPlatforms) = preSolution
		Debug|Any CPU = Debug|Any CPU
		Release|Any CPU = Release|Any CPU
	EndGlobalSection
	GlobalSection(ProjectConfigurationPlatforms) = postSolution
		{F7F86619-ADE7-403B-A79A-EC7F1902625F}.Debug|Any CPU.ActiveCfg = Release|Any CPU
		{F7F86619-ADE7-403B-A79A-EC7F1902625F}.Debug|Any CPU.Build.0 = Release|Any CPU
		{F7F86619-ADE7-403B-A79A-EC7F1902625F}.Release|Any CPU.ActiveCfg = Release|Any CPU
		{F7F86619-ADE7-403B-A79A-EC7F1902625F}.Release|Any CPU.Build.0 = Release|Any CPU
		{F1F53EEA-B60B-48A6-99FD-3015A35D6E6C}.Debug|Any CPU.ActiveCfg = Release
		{F1F53EEA-B60B-48A6-99FD-3015A35D6E6C}.Release|Any CPU.ActiveCfg = Release
	EndGlobalSection
	GlobalSection(SolutionProperties) = preSolution
		HideSolutionNode = FALSE
	EndGlobalSection
	GlobalSection(ExtensibilityGlobals) = postSolution
		SolutionGuid = {2BE7385A-CFE8-4DDE-BA0B-49BFB725443C}
	EndGlobalSection
EndGlobal
